
Microsoft Visual Studio Solution File, Format Version 12.00
# Visual Studio 2013
VisualStudioVersion = 12.0.40629.0
MinimumVisualStudioVersion = 10.0.40219.1
Project("{E24C65DC-7377-472B-9ABA-BC803B73C61A}") = "BugToChangesetMapper", "http://localhost:13460", "{7C7B9B22-9022-4057-82BB-4D8EBBCC7F4B}"
	ProjectSection(WebsiteProperties) = preProject
		UseIISExpress = "true"
		TargetFrameworkMoniker = ".NETFramework,Version%3Dv4.5"
		Debug.AspNetCompiler.VirtualPath = "/localhost_13460"
		Debug.AspNetCompiler.PhysicalPath = "..\BugToChangesetMapper\"
		Debug.AspNetCompiler.TargetPath = "PrecompiledWeb\localhost_13460\"
		Debug.AspNetCompiler.Updateable = "true"
		Debug.AspNetCompiler.ForceOverwrite = "true"
		Debug.AspNetCompiler.FixedNames = "false"
		Debug.AspNetCompiler.Debug = "True"
		Release.AspNetCompiler.VirtualPath = "/localhost_13460"
		Release.AspNetCompiler.PhysicalPath = "..\BugToChangesetMapper\"
		Release.AspNetCompiler.TargetPath = "PrecompiledWeb\localhost_13460\"
		Release.AspNetCompiler.Updateable = "true"
		Release.AspNetCompiler.ForceOverwrite = "true"
		Release.AspNetCompiler.FixedNames = "false"
		Release.AspNetCompiler.Debug = "False"
		SlnRelativePath = "..\BugToChangesetMapper\"
	EndProjectSection
EndProject
Global
	GlobalSection(SolutionConfigurationPlatforms) = preSolution
		Debug|Any CPU = Debug|Any CPU
	EndGlobalSection
	GlobalSection(ProjectConfigurationPlatforms) = postSolution
		{7C7B9B22-9022-4057-82BB-4D8EBBCC7F4B}.Debug|Any CPU.ActiveCfg = Debug|Any CPU
		{7C7B9B22-9022-4057-82BB-4D8EBBCC7F4B}.Debug|Any CPU.Build.0 = Debug|Any CPU
	EndGlobalSection
	GlobalSection(SolutionProperties) = preSolution
		HideSolutionNode = FALSE
	EndGlobalSection
EndGlobal
